
Microsoft Visual Studio Solution File, Format Version 12.00
# Visual Studio Version 17
VisualStudioVersion = 17.13.35825.156
MinimumVisualStudioVersion = 10.0.40219.1
Project("{FAE04EC0-301F-11D3-BF4B-00C04F79EFBC}") = "OZEsome", "OZEsome\OZEsome.csproj", "{E2A67A25-AAE8-416F-903A-CDDFD26FA8BF}"
EndProject
Project("{FAE04EC0-301F-11D3-BF4B-00C04F79EFBC}") = "OzeSomeAPI", "OzeSomeAPI\OzeSomeAPI.csproj", "{C76F183D-2F64-4535-BCAA-3E6F8150665B}"
EndProject
Project("{FAE04EC0-301F-11D3-BF4B-00C04F79EFBC}") = "OzeSome.Data", "OzeSome.Data\OzeSome.Data.csproj", "{22B7CD92-4F98-47E6-B64D-A35DA3050AF8}"
EndProject
Global
	GlobalSection(SolutionConfigurationPlatforms) = preSolution
		Debug|Any CPU = Debug|Any CPU
		Release|Any CPU = Release|Any CPU
	EndGlobalSection
	GlobalSection(ProjectConfigurationPlatforms) = postSolution
		{E2A67A25-AAE8-416F-903A-CDDFD26FA8BF}.Debug|Any CPU.ActiveCfg = Debug|Any CPU
		{E2A67A25-AAE8-416F-903A-CDDFD26FA8BF}.Debug|Any CPU.Build.0 = Debug|Any CPU
		{E2A67A25-AAE8-416F-903A-CDDFD26FA8BF}.Release|Any CPU.ActiveCfg = Release|Any CPU
		{E2A67A25-AAE8-416F-903A-CDDFD26FA8BF}.Release|Any CPU.Build.0 = Release|Any CPU
		{C76F183D-2F64-4535-BCAA-3E6F8150665B}.Debug|Any CPU.ActiveCfg = Debug|Any CPU
		{C76F183D-2F64-4535-BCAA-3E6F8150665B}.Debug|Any CPU.Build.0 = Debug|Any CPU
		{C76F183D-2F64-4535-BCAA-3E6F8150665B}.Release|Any CPU.ActiveCfg = Release|Any CPU
		{C76F183D-2F64-4535-BCAA-3E6F8150665B}.Release|Any CPU.Build.0 = Release|Any CPU
		{22B7CD92-4F98-47E6-B64D-A35DA3050AF8}.Debug|Any CPU.ActiveCfg = Debug|Any CPU
		{22B7CD92-4F98-47E6-B64D-A35DA3050AF8}.Debug|Any CPU.Build.0 = Debug|Any CPU
		{22B7CD92-4F98-47E6-B64D-A35DA3050AF8}.Release|Any CPU.ActiveCfg = Release|Any CPU
		{22B7CD92-4F98-47E6-B64D-A35DA3050AF8}.Release|Any CPU.Build.0 = Release|Any CPU
	EndGlobalSection
	GlobalSection(SolutionProperties) = preSolution
		HideSolutionNode = FALSE
	EndGlobalSection
	GlobalSection(ExtensibilityGlobals) = postSolution
		SolutionGuid = {102D2A79-BABD-467C-B031-C1B1AA8E4DB8}
	EndGlobalSection
EndGlobal
